PODS:
  - Alamofire (4.6.0)
  - AlamofireImage (3.3.0):
    - Alamofire (~> 4.5)
  - Realm (3.0.2):
    - Realm/Headers (= 3.0.2)
  - Realm/Headers (3.0.2)
  - RealmSwift (3.0.2):
    - Realm (= 3.0.2)

DEPENDENCIES:
  - Alamofire (~> 4.5)
  - AlamofireImage (~> 3.3)
  - RealmSwift

SPEC CHECKSUMS:
  Alamofire: f41a599bd63041760b26d393ec1069d9d7b917f4
  AlamofireImage: 2e784dc5d00f04903a52c1d169181469c805c3df
  Realm: 6f23fd1f178a09342eac21bfa7c2bf4312a7a180
  RealmSwift: 695393add1b8f9d5fa75dd16e6355cf3935f71e2

PODFILE CHECKSUM: c9644e3b07ee95c3d0954970fb458e5d12362130

COCOAPODS: 1.3.1
